
Microsoft Visual Studio Solution File, Format Version 12.00
# Visual Studio 15
VisualStudioVersion = 15.0.28307.329
MinimumVisualStudioVersion = 10.0.40219.1
Project("{FAE04EC0-301F-11D3-BF4B-00C04F79EFBC}") = "JsonDemoExample1", "JsonDemoExample1\JsonDemoExample1.csproj", "{46E77D1D-8592-41C8-A20A-39D9F0B0C794}"
EndProject
Global
	GlobalSection(SolutionConfigurationPlatforms) = preSolution
		Debug|Any CPU = Debug|Any CPU
		Release|Any CPU = Release|Any CPU
	EndGlobalSection
	GlobalSection(ProjectConfigurationPlatforms) = postSolution
		{46E77D1D-8592-41C8-A20A-39D9F0B0C794}.Debug|Any CPU.ActiveCfg = Debug|Any CPU
		{46E77D1D-8592-41C8-A20A-39D9F0B0C794}.Debug|Any CPU.Build.0 = Debug|Any CPU
		{46E77D1D-8592-41C8-A20A-39D9F0B0C794}.Release|Any CPU.ActiveCfg = Release|Any CPU
		{46E77D1D-8592-41C8-A20A-39D9F0B0C794}.Release|Any CPU.Build.0 = Release|Any CPU
	EndGlobalSection
	GlobalSection(SolutionProperties) = preSolution
		HideSolutionNode = FALSE
	EndGlobalSection
	GlobalSection(ExtensibilityGlobals) = postSolution
		SolutionGuid = {91D80105-14C5-4799-A2BD-19E65E3A9A3F}
	EndGlobalSection
EndGlobal
